// !$*UTF8*$!
{
	archiveVersion = 1;
	classes = {
	};
	objectVersion = 50;
	objects = {

/* Begin PBXBuildFile section */
		02712FC73552F2F265A2A30D /* Pods_Smack_Chatting_App.framework in Frameworks */ = {isa = PBXBuildFile; fileRef = 6906D154D757881D90A30BCF /* Pods_Smack_Chatting_App.framework */; };
		17281DF921652F03008F1B5F /* AppDelegate.swift in Sources */ = {isa = PBXBuildFile; fileRef = 17281DF821652F03008F1B5F /* AppDelegate.swift */; };
		17281DFE21652F03008F1B5F /* Main.storyboard in Resources */ = {isa = PBXBuildFile; fileRef = 17281DFC21652F03008F1B5F /* Main.storyboard */; };
		17281E0021652F04008F1B5F /* Assets.xcassets in Resources */ = {isa = PBXBuildFile; fileRef = 17281DFF21652F04008F1B5F /* Assets.xcassets */; };
		17281E0321652F04008F1B5F /* LaunchScreen.storyboard in Resources */ = {isa = PBXBuildFile; fileRef = 17281E0121652F04008F1B5F /* LaunchScreen.storyboard */; };
		17281E0E2165338D008F1B5F /* SWRevealViewController.m in Sources */ = {isa = PBXBuildFile; fileRef = 17281E0C2165338D008F1B5F /* SWRevealViewController.m */; };
		17281E1321653AB9008F1B5F /* ChatVC.swift in Sources */ = {isa = PBXBuildFile; fileRef = 17281E1221653AB9008F1B5F /* ChatVC.swift */; };
		17281E1521653AC7008F1B5F /* ChannelVC.swift in Sources */ = {isa = PBXBuildFile; fileRef = 17281E1421653AC7008F1B5F /* ChannelVC.swift */; };
		17281E1721653F77008F1B5F /* GradientView.swift in Sources */ = {isa = PBXBuildFile; fileRef = 17281E1621653F77008F1B5F /* GradientView.swift */; };
		17281E1A2165CC3C008F1B5F /* Constants.swift in Sources */ = {isa = PBXBuildFile; fileRef = 17281E192165CC3C008F1B5F /* Constants.swift */; };
		17281E1C2165CC7B008F1B5F /* LoginVC.swift in Sources */ = {isa = PBXBuildFile; fileRef = 17281E1B2165CC7B008F1B5F /* LoginVC.swift */; };
/* End PBXBuildFile section */

/* Begin PBXFileReference section */
		02E07217B7F5F5B6D52B970E /* Pods-Smack Chatting App.release.xcconfig */ = {isa = PBXFileReference; includeInIndex = 1; lastKnownFileType = text.xcconfig; name = "Pods-Smack Chatting App.release.xcconfig"; path = "Pods/Target Support Files/Pods-Smack Chatting App/Pods-Smack Chatting App.release.xcconfig"; sourceTree = "<group>"; };
		17281DF521652F03008F1B5F /* Smack Chatting App.app */ = {isa = PBXFileReference; explicitFileType = wrapper.application; includeInIndex = 0; path = "Smack Chatting App.app"; sourceTree = BUILT_PRODUCTS_DIR; };
		17281DF821652F03008F1B5F /* AppDelegate.swift */ = {isa = PBXFileReference; lastKnownFileType = sourcecode.swift; path = AppDelegate.swift; sourceTree = "<group>"; };
		17281DFD21652F03008F1B5F /* Base */ = {isa = PBXFileReference; lastKnownFileType = file.storyboard; name = Base; path = Base.lproj/Main.storyboard; sourceTree = "<group>"; };
		17281DFF21652F04008F1B5F /* Assets.xcassets */ = {isa = PBXFileReference; lastKnownFileType = folder.assetcatalog; path = Assets.xcassets; sourceTree = "<group>"; };
		17281E0221652F04008F1B5F /* Base */ = {isa = PBXFileReference; lastKnownFileType = file.storyboard; name = Base; path = Base.lproj/LaunchScreen.storyboard; sourceTree = "<group>"; };
		17281E0421652F04008F1B5F /* Info.plist */ = {isa = PBXFileReference; lastKnownFileType = text.plist.xml; path = Info.plist; sourceTree = "<group>"; };
		17281E0B2165338C008F1B5F /* Smack Chatting App-Bridging-Header.h */ = {isa = PBXFileReference; lastKnownFileType = sourcecode.c.h; path = "Smack Chatting App-Bridging-Header.h"; sourceTree = "<group>"; };
		17281E0C2165338D008F1B5F /* SWRevealViewController.m */ = {isa = PBXFileReference; fileEncoding = 4; lastKnownFileType = sourcecode.c.objc; path = SWRevealViewController.m; sourceTree = "<group>"; };
		17281E0D2165338D008F1B5F /* SWRevealViewController.h */ = {isa = PBXFileReference; fileEncoding = 4; lastKnownFileType = sourcecode.c.h; path = SWRevealViewController.h; sourceTree = "<group>"; };
		17281E1221653AB9008F1B5F /* ChatVC.swift */ = {isa = PBXFileReference; lastKnownFileType = sourcecode.swift; path = ChatVC.swift; sourceTree = "<group>"; };
		17281E1421653AC7008F1B5F /* ChannelVC.swift */ = {isa = PBXFileReference; lastKnownFileType = sourcecode.swift; path = ChannelVC.swift; sourceTree = "<group>"; };
		17281E1621653F77008F1B5F /* GradientView.swift */ = {isa = PBXFileReference; lastKnownFileType = sourcecode.swift; path = GradientView.swift; sourceTree = "<group>"; };
		17281E192165CC3C008F1B5F /* Constants.swift */ = {isa = PBXFileReference; lastKnownFileType = sourcecode.swift; path = Constants.swift; sourceTree = "<group>"; };
		17281E1B2165CC7B008F1B5F /* LoginVC.swift */ = {isa = PBXFileReference; lastKnownFileType = sourcecode.swift; path = LoginVC.swift; sourceTree = "<group>"; };
		6906D154D757881D90A30BCF /* Pods_Smack_Chatting_App.framework */ = {isa = PBXFileReference; explicitFileType = wrapper.framework; includeInIndex = 0; path = Pods_Smack_Chatting_App.framework; sourceTree = BUILT_PRODUCTS_DIR; };
		86582E1783C4CC4A0FB820D4 /* Pods-Smack Chatting App.debug.xcconfig */ = {isa = PBXFileReference; includeInIndex = 1; lastKnownFileType = text.xcconfig; name = "Pods-Smack Chatting App.debug.xcconfig"; path = "Pods/Target Support Files/Pods-Smack Chatting App/Pods-Smack Chatting App.debug.xcconfig"; sourceTree = "<group>"; };
/* End PBXFileReference section */

/* Begin PBXFrameworksBuildPhase section */
		17281DF221652F03008F1B5F /* Frameworks */ = {
			isa = PBXFrameworksBuildPhase;
			buildActionMask = 2147483647;
			files = (
				02712FC73552F2F265A2A30D /* Pods_Smack_Chatting_App.framework in Frameworks */,
			);
			runOnlyForDeploymentPostprocessing = 0;
		};
/* End PBXFrameworksBuildPhase section */

/* Begin PBXGroup section */
		17281DEC21652F02008F1B5F = {
			isa = PBXGroup;
			children = (
				17281DF721652F03008F1B5F /* Smack Chatting App */,
				17281DF621652F03008F1B5F /* Products */,
				6D405337E2D1391385D225E0 /* Pods */,
				379424CFE2674D7D8CE61896 /* Frameworks */,
			);
			sourceTree = "<group>";
		};
		17281DF621652F03008F1B5F /* Products */ = {
			isa = PBXGroup;
			children = (
				17281DF521652F03008F1B5F /* Smack Chatting App.app */,
			);
			name = Products;
			sourceTree = "<group>";
		};
		17281DF721652F03008F1B5F /* Smack Chatting App */ = {
			isa = PBXGroup;
			children = (
				17281E182165CC29008F1B5F /* Utils */,
				17281E11216538E0008F1B5F /* Model */,
				17281E10216538D7008F1B5F /* View */,
				17281E0F216538CC008F1B5F /* Controller */,
				17281E0A2165337A008F1B5F /* Supporting Files */,
				17281E0421652F04008F1B5F /* Info.plist */,
			);
			path = "Smack Chatting App";
			sourceTree = "<group>";
		};
		17281E0A2165337A008F1B5F /* Supporting Files */ = {
			isa = PBXGroup;
			children = (
				17281DF821652F03008F1B5F /* AppDelegate.swift */,
				17281DFF21652F04008F1B5F /* Assets.xcassets */,
				17281E0121652F04008F1B5F /* LaunchScreen.storyboard */,
				17281E0D2165338D008F1B5F /* SWRevealViewController.h */,
				17281E0C2165338D008F1B5F /* SWRevealViewController.m */,
				17281E0B2165338C008F1B5F /* Smack Chatting App-Bridging-Header.h */,
			);
			path = "Supporting Files";
			sourceTree = "<group>";
		};
		17281E0F216538CC008F1B5F /* Controller */ = {
			isa = PBXGroup;
			children = (
				17281E1221653AB9008F1B5F /* ChatVC.swift */,
				17281E1421653AC7008F1B5F /* ChannelVC.swift */,
				17281E1B2165CC7B008F1B5F /* LoginVC.swift */,
			);
			path = Controller;
			sourceTree = "<group>";
		};
		17281E10216538D7008F1B5F /* View */ = {
			isa = PBXGroup;
			children = (
				17281DFC21652F03008F1B5F /* Main.storyboard */,
				17281E1621653F77008F1B5F /* GradientView.swift */,
			);
			path = View;
			sourceTree = "<group>";
		};
		17281E11216538E0008F1B5F /* Model */ = {
			isa = PBXGroup;
			children = (
			);
			path = Model;
			sourceTree = "<group>";
		};
		17281E182165CC29008F1B5F /* Utils */ = {
			isa = PBXGroup;
			children = (
				17281E192165CC3C008F1B5F /* Constants.swift */,
			);
			path = Utils;
			sourceTree = "<group>";
		};
		379424CFE2674D7D8CE61896 /* Frameworks */ = {
			isa = PBXGroup;
			children = (
				6906D154D757881D90A30BCF /* Pods_Smack_Chatting_App.framework */,
			);
			name = Frameworks;
			sourceTree = "<group>";
		};
		6D405337E2D1391385D225E0 /* Pods */ = {
			isa = PBXGroup;
			children = (
				86582E1783C4CC4A0FB820D4 /* Pods-Smack Chatting App.debug.xcconfig */,
				02E07217B7F5F5B6D52B970E /* Pods-Smack Chatting App.release.xcconfig */,
			);
			name = Pods;
			sourceTree = "<group>";
		};
/* End PBXGroup section */

/* Begin PBXNativeTarget section */
		17281DF421652F03008F1B5F /* Smack Chatting App */ = {
			isa = PBXNativeTarget;
			buildConfigurationList = 17281E0721652F04008F1B5F /* Build configuration list for PBXNativeTarget "Smack Chatting App" */;
			buildPhases = (
				3AB5016DDC75CFB185C72998 /* [CP] Check Pods Manifest.lock */,
				17281DF121652F03008F1B5F /* Sources */,
				17281DF221652F03008F1B5F /* Frameworks */,
				17281DF321652F03008F1B5F /* Resources */,
				BF9193A4B030613AE3825CB8 /* [CP] Embed Pods Frameworks */,
			);
			buildRules = (
			);
			dependencies = (
			);
			name = "Smack Chatting App";
			productName = "Smack Chatting App";
			productReference = 17281DF521652F03008F1B5F /* Smack Chatting App.app */;
			productType = "com.apple.product-type.application";
		};
/* End PBXNativeTarget section */

/* Begin PBXProject section */
		17281DED21652F02008F1B5F /* Project object */ = {
			isa = PBXProject;
			attributes = {
				LastSwiftUpdateCheck = 1000;
				LastUpgradeCheck = 1000;
				ORGANIZATIONNAME = "Ajinkya Sonar";
				TargetAttributes = {
					17281DF421652F03008F1B5F = {
						CreatedOnToolsVersion = 10.0;
						LastSwiftMigration = 1000;
					};
				};
			};
			buildConfigurationList = 17281DF021652F02008F1B5F /* Build configuration list for PBXProject "Smack Chatting App" */;
			compatibilityVersion = "Xcode 9.3";
			developmentRegion = en;
			hasScannedForEncodings = 0;
			knownRegions = (
				en,
				Base,
			);
			mainGroup = 17281DEC21652F02008F1B5F;
			productRefGroup = 17281DF621652F03008F1B5F /* Products */;
			projectDirPath = "";
			projectRoot = "";
			targets = (
				17281DF421652F03008F1B5F /* Smack Chatting App */,
			);
		};
/* End PBXProject section */

/* Begin PBXResourcesBuildPhase section */
		17281DF321652F03008F1B5F /* Resources */ = {
			isa = PBXResourcesBuildPhase;
			buildActionMask = 2147483647;
			files = (
				17281E0321652F04008F1B5F /* LaunchScreen.storyboard in Resources */,
				17281E0021652F04008F1B5F /* Assets.xcassets in Resources */,
				17281DFE21652F03008F1B5F /* Main.storyboard in Resources */,
			);
			runOnlyForDeploymentPostprocessing = 0;
		};
/* End PBXResourcesBuildPhase section */

/* Begin PBXShellScriptBuildPhase section */
		3AB5016DDC75CFB185C72998 /* [CP] Check Pods Manifest.lock */ = {
			isa = PBXShellScriptBuildPhase;
			buildActionMask = 2147483647;
			files = (
			);
			inputPaths = (
				"${PODS_PODFILE_DIR_PATH}/Podfile.lock",
				"${PODS_ROOT}/Manifest.lock",
			);
			name = "[CP] Check Pods Manifest.lock";
			outputPaths = (
				"$(DERIVED_FILE_DIR)/Pods-Smack Chatting App-checkManifestLockResult.txt",
			);
			runOnlyForDeploymentPostprocessing = 0;
			shellPath = /bin/sh;
			shellScript = "diff \"${PODS_PODFILE_DIR_PATH}/Podfile.lock\" \"${PODS_ROOT}/Manifest.lock\" > /dev/null\nif [ $? != 0 ] ; then\n    # print error to STDERR\n    echo \"error: The sandbox is not in sync with the Podfile.lock. Run 'pod install' or update your CocoaPods installation.\" >&2\n    exit 1\nfi\n# This output is used by Xcode 'outputs' to avoid re-running this script phase.\necho \"SUCCESS\" > \"${SCRIPT_OUTPUT_FILE_0}\"\n";
			showEnvVarsInLog = 0;
		};
		BF9193A4B030613AE3825CB8 /* [CP] Embed Pods Frameworks */ = {
			isa = PBXShellScriptBuildPhase;
			buildActionMask = 2147483647;
			files = (
			);
			inputPaths = (
				"${SRCROOT}/Pods/Target Support Files/Pods-Smack Chatting App/Pods-Smack Chatting App-frameworks.sh",
				"${BUILT_PRODUCTS_DIR}/Socket.IO-Client-Swift/SocketIO.framework",
				"${BUILT_PRODUCTS_DIR}/Starscream/Starscream.framework",
			);
			name = "[CP] Embed Pods Frameworks";
			outputPaths = (
				"${TARGET_BUILD_DIR}/${FRAMEWORKS_FOLDER_PATH}/SocketIO.framework",
				"${TARGET_BUILD_DIR}/${FRAMEWORKS_FOLDER_PATH}/Starscream.framework",
			);
			runOnlyForDeploymentPostprocessing = 0;
			shellPath = /bin/sh;
			shellScript = "\"${SRCROOT}/Pods/Target Support Files/Pods-Smack Chatting App/Pods-Smack Chatting App-frameworks.sh\"\n";
			showEnvVarsInLog = 0;
		};
/* End PBXShellScriptBuildPhase section */

/* Begin PBXSourcesBuildPhase section */
		17281DF121652F03008F1B5F /* Sources */ = {
			isa = PBXSourcesBuildPhase;
			buildActionMask = 2147483647;
			files = (
				17281E1521653AC7008F1B5F /* ChannelVC.swift in Sources */,
				17281E1321653AB9008F1B5F /* ChatVC.swift in Sources */,
				17281E1C2165CC7B008F1B5F /* LoginVC.swift in Sources */,
				17281E1721653F77008F1B5F /* GradientView.swift in Sources */,
				17281DF921652F03008F1B5F /* AppDelegate.swift in Sources */,
				17281E0E2165338D008F1B5F /* SWRevealViewController.m in Sources */,
				17281E1A2165CC3C008F1B5F /* Constants.swift in Sources */,
			);
			runOnlyForDeploymentPostprocessing = 0;
		};
/* End PBXSourcesBuildPhase section */

/* Begin PBXVariantGroup section */
		17281DFC21652F03008F1B5F /* Main.storyboard */ = {
			isa = PBXVariantGroup;
			children = (
				17281DFD21652F03008F1B5F /* Base */,
			);
			name = Main.storyboard;
			sourceTree = "<group>";
		};
		17281E0121652F04008F1B5F /* LaunchScreen.storyboard */ = {
			isa = PBXVariantGroup;
			children = (
				17281E0221652F04008F1B5F /* Base */,
			);
			name = LaunchScreen.storyboard;
			sourceTree = "<group>";
		};
/* End PBXVariantGroup section */

/* Begin XCBuildConfiguration section */
		17281E0521652F04008F1B5F /* Debug */ = {
			isa = XCBuildConfiguration;
			buildSettings = {
				ALWAYS_SEARCH_USER_PATHS = NO;
				CLANG_ANALYZER_NONNULL = YES;
				CLANG_ANALYZER_NUMBER_OBJECT_CONVERSION = YES_AGGRESSIVE;
				CLANG_CXX_LANGUAGE_STANDARD = "gnu++14";
				CLANG_CXX_LIBRARY = "libc++";
				CLANG_ENABLE_MODULES = YES;
				CLANG_ENABLE_OBJC_ARC = YES;
				CLANG_ENABLE_OBJC_WEAK = YES;
				CLANG_WARN_BLOCK_CAPTURE_AUTORELEASING = YES;
				CLANG_WARN_BOOL_CONVERSION = YES;
				CLANG_WARN_COMMA = YES;
				CLANG_WARN_CONSTANT_CONVERSION = YES;
				CLANG_WARN_DEPRECATED_OBJC_IMPLEMENTATIONS = YES;
				CLANG_WARN_DIRECT_OBJC_ISA_USAGE = YES_ERROR;
				CLANG_WARN_DOCUMENTATION_COMMENTS = YES;
				CLANG_WARN_EMPTY_BODY = YES;
				CLANG_WARN_ENUM_CONVERSION = YES;
				CLANG_WARN_INFINITE_RECURSION = YES;
				CLANG_WARN_INT_CONVERSION = YES;
				CLANG_WARN_NON_LITERAL_NULL_CONVERSION = YES;
				CLANG_WARN_OBJC_IMPLICIT_RETAIN_SELF = YES;
				CLANG_WARN_OBJC_LITERAL_CONVERSION = YES;
				CLANG_WARN_OBJC_ROOT_CLASS = YES_ERROR;
				CLANG_WARN_RANGE_LOOP_ANALYSIS = YES;
				CLANG_WARN_STRICT_PROTOTYPES = YES;
				CLANG_WARN_SUSPICIOUS_MOVE = YES;
				CLANG_WARN_UNGUARDED_AVAILABILITY = YES_AGGRESSIVE;
				CLANG_WARN_UNREACHABLE_CODE = YES;
				CLANG_WARN__DUPLICATE_METHOD_MATCH = YES;
				CODE_SIGN_IDENTITY = "iPhone Developer";
				COPY_PHASE_STRIP = NO;
				DEBUG_INFORMATION_FORMAT = dwarf;
				ENABLE_STRICT_OBJC_MSGSEND = YES;
				ENABLE_TESTABILITY = YES;
				GCC_C_LANGUAGE_STANDARD = gnu11;
				GCC_DYNAMIC_NO_PIC = NO;
				GCC_NO_COMMON_BLOCKS = YES;
				GCC_OPTIMIZATION_LEVEL = 0;
				GCC_PREPROCESSOR_DEFINITIONS = (
					"DEBUG=1",
					"$(inherited)",
				);
				GCC_WARN_64_TO_32_BIT_CONVERSION = YES;
				GCC_WARN_ABOUT_RETURN_TYPE = YES_ERROR;
				GCC_WARN_UNDECLARED_SELECTOR = YES;
				GCC_WARN_UNINITIALIZED_AUTOS = YES_AGGRESSIVE;
				GCC_WARN_UNUSED_FUNCTION = YES;
				GCC_WARN_UNUSED_VARIABLE = YES;
				IPHONEOS_DEPLOYMENT_TARGET = 12.0;
				MTL_ENABLE_DEBUG_INFO = INCLUDE_SOURCE;
				MTL_FAST_MATH = YES;
				ONLY_ACTIVE_ARCH = YES;
				SDKROOT = iphoneos;
				SWIFT_ACTIVE_COMPILATION_CONDITIONS = DEBUG;
				SWIFT_OPTIMIZATION_LEVEL = "-Onone";
			};
			name = Debug;
		};
		17281E0621652F04008F1B5F /* Release */ = {
			isa = XCBuildConfiguration;
			buildSettings = {
				ALWAYS_SEARCH_USER_PATHS = NO;
				CLANG_ANALYZER_NONNULL = YES;
				CLANG_ANALYZER_NUMBER_OBJECT_CONVERSION = YES_AGGRESSIVE;
				CLANG_CXX_LANGUAGE_STANDARD = "gnu++14";
				CLANG_CXX_LIBRARY = "libc++";
				CLANG_ENABLE_MODULES = YES;
				CLANG_ENABLE_OBJC_ARC = YES;
				CLANG_ENABLE_OBJC_WEAK = YES;
				CLANG_WARN_BLOCK_CAPTURE_AUTORELEASING = YES;
				CLANG_WARN_BOOL_CONVERSION = YES;
				CLANG_WARN_COMMA = YES;
				CLANG_WARN_CONSTANT_CONVERSION = YES;
				CLANG_WARN_DEPRECATED_OBJC_IMPLEMENTATIONS = YES;
				CLANG_WARN_DIRECT_OBJC_ISA_USAGE = YES_ERROR;
				CLANG_WARN_DOCUMENTATION_COMMENTS = YES;
				CLANG_WARN_EMPTY_BODY = YES;
				CLANG_WARN_ENUM_CONVERSION = YES;
				CLANG_WARN_INFINITE_RECURSION = YES;
				CLANG_WARN_INT_CONVERSION = YES;
				CLANG_WARN_NON_LITERAL_NULL_CONVERSION = YES;
				CLANG_WARN_OBJC_IMPLICIT_RETAIN_SELF = YES;
				CLANG_WARN_OBJC_LITERAL_CONVERSION = YES;
				CLANG_WARN_OBJC_ROOT_CLASS = YES_ERROR;
				CLANG_WARN_RANGE_LOOP_ANALYSIS = YES;
				CLANG_WARN_STRICT_PROTOTYPES = YES;
				CLANG_WARN_SUSPICIOUS_MOVE = YES;
				CLANG_WARN_UNGUARDED_AVAILABILITY = YES_AGGRESSIVE;
				CLANG_WARN_UNREACHABLE_CODE = YES;
				CLANG_WARN__DUPLICATE_METHOD_MATCH = YES;
				CODE_SIGN_IDENTITY = "iPhone Developer";
				COPY_PHASE_STRIP = NO;
				DEBUG_INFORMATION_FORMAT = "dwarf-with-dsym";
				ENABLE_NS_ASSERTIONS = NO;
				ENABLE_STRICT_OBJC_MSGSEND = YES;
				GCC_C_LANGUAGE_STANDARD = gnu11;
				GCC_NO_COMMON_BLOCKS = YES;
				GCC_WARN_64_TO_32_BIT_CONVERSION = YES;
				GCC_WARN_ABOUT_RETURN_TYPE = YES_ERROR;
				GCC_WARN_UNDECLARED_SELECTOR = YES;
				GCC_WARN_UNINITIALIZED_AUTOS = YES_AGGRESSIVE;
				GCC_WARN_UNUSED_FUNCTION = YES;
				GCC_WARN_UNUSED_VARIABLE = YES;
				IPHONEOS_DEPLOYMENT_TARGET = 12.0;
				MTL_ENABLE_DEBUG_INFO = NO;
				MTL_FAST_MATH = YES;
				SDKROOT = iphoneos;
				SWIFT_COMPILATION_MODE = wholemodule;
				SWIFT_OPTIMIZATION_LEVEL = "-O";
				VALIDATE_PRODUCT = YES;
			};
			name = Release;
		};
		17281E0821652F04008F1B5F /* Debug */ = {
			isa = XCBuildConfiguration;
			baseConfigurationReference = 86582E1783C4CC4A0FB820D4 /* Pods-Smack Chatting App.debug.xcconfig */;
			buildSettings = {
				ASSETCATALOG_COMPILER_APPICON_NAME = AppIcon;
				CLANG_ENABLE_MODULES = YES;
				CODE_SIGN_STYLE = Automatic;
				DEVELOPMENT_TEAM = YCPFBKZL7W;
				INFOPLIST_FILE = "Smack Chatting App/Info.plist";
				LD_RUNPATH_SEARCH_PATHS = (
					"$(inherited)",
					"@executable_path/Frameworks",
				);
				PRODUCT_BUNDLE_IDENTIFIER = "com.ajinkyasonar.Smack-Chatting-App";
				PRODUCT_NAME = "$(TARGET_NAME)";
				SWIFT_OBJC_BRIDGING_HEADER = "Smack Chatting App/Supporting Files/Smack Chatting App-Bridging-Header.h";
				SWIFT_OPTIMIZATION_LEVEL = "-Onone";
				SWIFT_VERSION = 4.2;
				TARGETED_DEVICE_FAMILY = "1,2";
			};
			name = Debug;
		};
		17281E0921652F04008F1B5F /* Release */ = {
			isa = XCBuildConfiguration;
			baseConfigurationReference = 02E07217B7F5F5B6D52B970E /* Pods-Smack Chatting App.release.xcconfig */;
			buildSettings = {
				ASSETCATALOG_COMPILER_APPICON_NAME = AppIcon;
				CLANG_ENABLE_MODULES = YES;
				CODE_SIGN_STYLE = Automatic;
				DEVELOPMENT_TEAM = YCPFBKZL7W;
				INFOPLIST_FILE = "Smack Chatting App/Info.plist";
				LD_RUNPATH_SEARCH_PATHS = (
					"$(inherited)",
					"@executable_path/Frameworks",
				);
				PRODUCT_BUNDLE_IDENTIFIER = "com.ajinkyasonar.Smack-Chatting-App";
				PRODUCT_NAME = "$(TARGET_NAME)";
				SWIFT_OBJC_BRIDGING_HEADER = "Smack Chatting App/Supporting Files/Smack Chatting App-Bridging-Header.h";
				SWIFT_VERSION = 4.2;
				TARGETED_DEVICE_FAMILY = "1,2";
			};
			name = Release;
		};
/* End XCBuildConfiguration section */

/* Begin XCConfigurationList section */
		17281DF021652F02008F1B5F /* Build configuration list for PBXProject "Smack Chatting App" */ = {
			isa = XCConfigurationList;
			buildConfigurations = (
				17281E0521652F04008F1B5F /* Debug */,
				17281E0621652F04008F1B5F /* Release */,
			);
			defaultConfigurationIsVisible = 0;
			defaultConfigurationName = Release;
		};
		17281E0721652F04008F1B5F /* Build configuration list for PBXNativeTarget "Smack Chatting App" */ = {
			isa = XCConfigurationList;
			buildConfigurations = (
				17281E0821652F04008F1B5F /* Debug */,
				17281E0921652F04008F1B5F /* Release */,
			);
			defaultConfigurationIsVisible = 0;
			defaultConfigurationName = Release;
		};
/* End XCConfigurationList section */
	};
	rootObject = 17281DED21652F02008F1B5F /* Project object */;
}
